
Microsoft Visual Studio Solution File, Format Version 11.00
# Visual Studio 2010
Project("{FAE04EC0-301F-11D3-BF4B-00C04F79EFBC}") = "七牛云存储批量管理工具", "七牛云存储批量管理工具.csproj", "{6A1484C2-77EF-4DF6-BEAA-EE5C4EAC52F0}"
EndProject
Global
	GlobalSection(SolutionConfigurationPlatforms) = preSolution
		Debug|x86 = Debug|x86
		Release|x86 = Release|x86
	EndGlobalSection
	GlobalSection(ProjectConfigurationPlatforms) = postSolution
		{6A1484C2-77EF-4DF6-BEAA-EE5C4EAC52F0}.Debug|x86.ActiveCfg = Debug|x86
		{6A1484C2-77EF-4DF6-BEAA-EE5C4EAC52F0}.Debug|x86.Build.0 = Debug|x86
		{6A1484C2-77EF-4DF6-BEAA-EE5C4EAC52F0}.Release|x86.ActiveCfg = Release|x86
		{6A1484C2-77EF-4DF6-BEAA-EE5C4EAC52F0}.Release|x86.Build.0 = Release|x86
	EndGlobalSection
	GlobalSection(SolutionProperties) = preSolution
		HideSolutionNode = FALSE
	EndGlobalSection
EndGlobal
